
Microsoft Visual Studio Solution File, Format Version 12.00
# Visual Studio Version 16
VisualStudioVersion = 16.0.30413.136
MinimumVisualStudioVersion = 10.0.40219.1
Project("{888888A0-9F3D-457C-B088-3A5042F75D52}") = "Работа со словарями Euroopa riigid", "Работа со словарями Euroopa riigid.pyproj", "{CE6A5C6E-25D2-4A81-AE82-C6C7F52745F1}"
EndProject
Global
	GlobalSection(SolutionConfigurationPlatforms) = preSolution
		Debug|Any CPU = Debug|Any CPU
		Release|Any CPU = Release|Any CPU
	EndGlobalSection
	GlobalSection(ProjectConfigurationPlatforms) = postSolution
		{CE6A5C6E-25D2-4A81-AE82-C6C7F52745F1}.Debug|Any CPU.ActiveCfg = Debug|Any CPU
		{CE6A5C6E-25D2-4A81-AE82-C6C7F52745F1}.Release|Any CPU.ActiveCfg = Release|Any CPU
	EndGlobalSection
	GlobalSection(SolutionProperties) = preSolution
		HideSolutionNode = FALSE
	EndGlobalSection
	GlobalSection(ExtensibilityGlobals) = postSolution
		SolutionGuid = {48955E4E-5066-4D77-BB85-789C11A90F62}
	EndGlobalSection
EndGlobal
